<?xml version="1.0" encoding="utf-8"?>
<Project ToolsVersion="4.0" xmlns="http://schemas.microsoft.com/developer/msbuild/2003">
  <ItemGroup>
    <Filter Include="Source Files">
      <UniqueIdentifier>{4FC737F1-C7A5-4376-A066-2A32D752A2FF}</UniqueIdentifier>
      <Extensions>cpp;c;cc;cxx;c++;cppm;ixx;def;odl;idl;hpj;bat;asm;asmx</Extensions>
    </Filter>
    <Filter Include="Header Files">
      <UniqueIdentifier>{93995380-89BD-4b04-88EB-625FBE52EBFB}</UniqueIdentifier>
      <Extensions>h;hh;hpp;hxx;h++;hm;inl;inc;ipp;xsd</Extensions>
    </Filter>
    <Filter Include="Resource Files">
      <UniqueIdentifier>{67DA6AB6-F800-4c08-8B7A-83BB121AAD01}</UniqueIdentifier>
      <Extensions>rc;ico;cur;bmp;dlg;rc2;rct;bin;rgs;gif;jpg;jpeg;jpe;resx;tiff;tif;png;wav;mfcribbon-ms</Extensions>
    </Filter>
    <Filter Include="External">
      <UniqueIdentifier>{71bc14c5-97c7-4947-8039-f2890bf55537}</UniqueIdentifier>
    </Filter>
    <Filter Include="Shaders">
      <UniqueIdentifier>{8fb92b45-bf86-4c3c-8b6c-ad7abf161869}</UniqueIdentifier>
    </Filter>
  </ItemGroup>
  <ItemGroup>
    <ClCompile Include="External\GLEW\glew.c">
      <Filter>External</Filter>
    </ClCompile>
    <ClCompile Include="External\IMGUI\imgui.cpp">
      <Filter>External</Filter>
    </ClCompile>
    <ClCompile Include="External\IMGUI\imgui_draw.cpp">
      <Filter>External</Filter>
    </ClCompile>
    <ClCompile Include="External\IMGUI\imgui_impl_glfw.cpp">
      <Filter>External</Filter>
    </ClCompile>
    <ClCompile Include="External\IMGUI\imgui_impl_opengl3.cpp">
      <Filter>External</Filter>
    </ClCompile>
    <ClCompile Include="External\IMGUI\imgui_impl_win32.cpp">
      <Filter>External</Filter>
    </ClCompile>
    <ClCompile Include="External\IMGUI\imgui_tables.cpp">
      <Filter>External</Filter>
    </ClCompile>
    <ClCompile Include="External\IMGUI\imgui_widgets.cpp">
      <Filter>External</Filter>
    </ClCompile>
    <ClCompile Include="src\Keith Helpers.cpp">
      <Filter>Source Files</Filter>
    </ClCompile>
    <ClCompile Include="src\main.cpp">
      <Filter>Source Files</Filter>
    </ClCompile>
    <ClCompile Include="src\Objects\Cube.h">
      <Filter>Source Files</Filter>
    </ClCompile>
    <ClCompile Include="src\Objects\SceneObject.cpp">
      <Filter>Source Files</Filter>
    </ClCompile>
    <ClCompile Include="src\Objects\Cube.cpp">
      <Filter>Source Files</Filter>
    </ClCompile>
    <ClCompile Include="src\Objects\Terrain.cpp">
      <Filter>Source Files</Filter>
    </ClCompile>
    <ClCompile Include="src\Objects\Camera.cpp">
      <Filter>Source Files</Filter>
    </ClCompile>
    <ClCompile Include="src\Objects\Lights\Light.cpp">
      <Filter>Source Files</Filter>
    </ClCompile>
    <ClCompile Include="src\Objects\Lights\DirectionalLight.cpp">
      <Filter>Source Files</Filter>
    </ClCompile>
    <ClCompile Include="src\Objects\Lights\PointLight.cpp">
      <Filter>Source Files</Filter>
    </ClCompile>
    <ClCompile Include="src\Objects\Lights\SpotLight.cpp">
      <Filter>Source Files</Filter>
    </ClCompile>
    <ClCompile Include="src\GUI\GUI.cpp">
      <Filter>Source Files</Filter>
    </ClCompile>
    <ClCompile Include="src\Objects\Skybox.cpp">
      <Filter>Source Files</Filter>
    </ClCompile>
    <ClCompile Include="External\IMGUI\imgui_demo.cpp">
      <Filter>Source Files</Filter>
    </ClCompile>
    <ClCompile Include="src\Objects\Widgets\Widget.cpp">
      <Filter>Source Files</Filter>
    </ClCompile>
    <ClCompile Include="src\Objects\Widgets\TransformWidget.cpp">
      <Filter>Source Files</Filter>
    </ClCompile>
    <ClCompile Include="src\Objects\Widgets\LightWidget.cpp">
      <Filter>Source Files</Filter>
    </ClCompile>
    <ClCompile Include="src\GUI\ProjectWindow.cpp">
      <Filter>Source Files</Filter>
    </ClCompile>
    <ClCompile Include="src\GUI\Window.cpp">
      <Filter>Source Files</Filter>
    </ClCompile>
    <ClCompile Include="src\GUI\InspectorWindow.cpp">
      <Filter>Source Files</Filter>
    </ClCompile>
    <ClCompile Include="src\GUI\WorldSettingsWindow.cpp">
      <Filter>Source Files</Filter>
    </ClCompile>
    <ClCompile Include="src\GUI\ObjectsWindow.cpp">
      <Filter>Source Files</Filter>
    </ClCompile>
    <ClCompile Include="src\GUI\ConsoleWindow.cpp">
      <Filter>Source Files</Filter>
    </ClCompile>
    <ClCompile Include="src\Objects\Mesh.cpp">
      <Filter>Source Files</Filter>
    </ClCompile>
    <ClCompile Include="src\Objects\Model.cpp">
      <Filter>Source Files</Filter>
    </ClCompile>
    <ClCompile Include="src\Logger.cpp">
      <Filter>Source Files</Filter>
    </ClCompile>
    <ClCompile Include="src\EngineStructs.cpp">
      <Filter>Source Files</Filter>
    </ClCompile>
  </ItemGroup>
  <ItemGroup>
    <ClInclude Include="External\GLEW\eglew.h">
      <Filter>External</Filter>
    </ClInclude>
    <ClInclude Include="External\GLEW\glew.h">
      <Filter>External</Filter>
    </ClInclude>
    <ClInclude Include="External\GLEW\glxew.h">
      <Filter>External</Filter>
    </ClInclude>
    <ClInclude Include="External\GLEW\wglew.h">
      <Filter>External</Filter>
    </ClInclude>
    <ClInclude Include="External\IMGUI\imconfig.h">
      <Filter>External</Filter>
    </ClInclude>
    <ClInclude Include="External\IMGUI\imgui.h">
      <Filter>External</Filter>
    </ClInclude>
    <ClInclude Include="External\IMGUI\imgui_impl_glfw.h">
      <Filter>External</Filter>
    </ClInclude>
    <ClInclude Include="External\IMGUI\imgui_impl_opengl3.h">
      <Filter>External</Filter>
    </ClInclude>
    <ClInclude Include="External\IMGUI\imgui_impl_opengl3_loader.h">
      <Filter>External</Filter>
    </ClInclude>
    <ClInclude Include="External\IMGUI\imgui_impl_win32.h">
      <Filter>External</Filter>
    </ClInclude>
    <ClInclude Include="External\IMGUI\imgui_internal.h">
      <Filter>External</Filter>
    </ClInclude>
    <ClInclude Include="External\IMGUI\imstb_rectpack.h">
      <Filter>External</Filter>
    </ClInclude>
    <ClInclude Include="External\IMGUI\imstb_textedit.h">
      <Filter>External</Filter>
    </ClInclude>
    <ClInclude Include="External\IMGUI\imstb_truetype.h">
      <Filter>External</Filter>
    </ClInclude>
    <ClInclude Include="src\Keith Helpers.h">
      <Filter>Header Files</Filter>
    </ClInclude>
    <ClInclude Include="src\Objects\SceneObject.h">
      <Filter>Header Files</Filter>
    </ClInclude>
    <ClInclude Include="src\Objects\Terrain.h">
      <Filter>Header Files</Filter>
    </ClInclude>
    <ClInclude Include="src\Objects\Camera.h">
      <Filter>Header Files</Filter>
    </ClInclude>
    <ClInclude Include="src\Objects\Lights\Light.h">
      <Filter>Header Files</Filter>
    </ClInclude>
    <ClInclude Include="src\Objects\Lights\DirectionalLight.h">
      <Filter>Header Files</Filter>
    </ClInclude>
    <ClInclude Include="src\Objects\Lights\PointLight.h">
      <Filter>Header Files</Filter>
    </ClInclude>
    <ClInclude Include="src\Objects\Lights\SpotLight.h">
      <Filter>Header Files</Filter>
    </ClInclude>
    <ClInclude Include="src\GUI\GUI.h">
      <Filter>Header Files</Filter>
    </ClInclude>
    <ClInclude Include="src\Objects\Skybox.h">
      <Filter>Header Files</Filter>
    </ClInclude>
    <ClInclude Include="src\Objects\Widgets\Widget.h">
      <Filter>Header Files</Filter>
    </ClInclude>
    <ClInclude Include="src\Objects\Widgets\TransformWidget.h">
      <Filter>Header Files</Filter>
    </ClInclude>
    <ClInclude Include="src\Objects\Widgets\LightWidget.h">
      <Filter>Header Files</Filter>
    </ClInclude>
    <ClInclude Include="src\GUI\ProjectWindow.h">
      <Filter>Header Files</Filter>
    </ClInclude>
    <ClInclude Include="src\GUI\Window.h">
      <Filter>Header Files</Filter>
    </ClInclude>
    <ClInclude Include="src\GUI\InspectorWindow.h">
      <Filter>Header Files</Filter>
    </ClInclude>
    <ClInclude Include="src\GUI\WorldSettingsWindow.h">
      <Filter>Header Files</Filter>
    </ClInclude>
    <ClInclude Include="src\GUI\ObjectsWindow.h">
      <Filter>Header Files</Filter>
    </ClInclude>
    <ClInclude Include="src\GUI\ConsoleWindow.h">
      <Filter>Header Files</Filter>
    </ClInclude>
    <ClInclude Include="src\Objects\Model.h">
      <Filter>Header Files</Filter>
    </ClInclude>
    <ClInclude Include="src\Objects\Mesh.h">
      <Filter>Header Files</Filter>
    </ClInclude>
    <ClInclude Include="src\EngineStructs.h">
      <Filter>Header Files</Filter>
    </ClInclude>
    <ClInclude Include="src\Logger.h">
      <Filter>Header Files</Filter>
    </ClInclude>
  </ItemGroup>
  <ItemGroup>
    <None Include="External\IMGUI\imgui.gdb">
      <Filter>External</Filter>
    </None>
    <None Include="Data\Shaders\fragment_shader.frag">
      <Filter>Shaders</Filter>
    </None>
    <None Include="Data\Shaders\vertex_shader.vert">
      <Filter>Shaders</Filter>
    </None>
    <None Include="Data\Shaders\skybox.vert" />
    <None Include="Data\Shaders\skybox.frag" />
    <None Include="Data\Shaders\widget.vert" />
    <None Include="Data\Shaders\widget.frag" />
    <None Include="Data\Shaders\lightWidget.vert" />
    <None Include="Data\Shaders\lightWidget.frag" />
    <None Include="Data\Shaders\model.vert" />
    <None Include="Data\Shaders\model.frag" />
    <None Include="Data\Shaders\modelOld.frag" />
  </ItemGroup>
</Project>